
Microsoft Visual Studio Solution File, Format Version 12.00
# Visual Studio Version 16
VisualStudioVersion = 16.0.31515.178
MinimumVisualStudioVersion = 10.0.40219.1
Project("{9A19103F-16F7-4668-BE54-9A1E7A4F7556}") = "App.Api", "App.Api\App.Api.csproj", "{57C1569B-D338-4B54-8945-531741591DAE}"
EndProject
Project("{9A19103F-16F7-4668-BE54-9A1E7A4F7556}") = "App.Business", "App.Business\App.Business.csproj", "{5B7B28B3-1D96-4CFE-85C4-2187786158A5}"
EndProject
Project("{FAE04EC0-301F-11D3-BF4B-00C04F79EFBC}") = "App.Business.Test", "App.Business.Test\App.Business.Test.csproj", "{36FB4176-CA5D-4914-AF78-477EF0A02627}"
EndProject
Global
	GlobalSection(SolutionConfigurationPlatforms) = preSolution
		Debug|Any CPU = Debug|Any CPU
		Release|Any CPU = Release|Any CPU
	EndGlobalSection
	GlobalSection(ProjectConfigurationPlatforms) = postSolution
		{57C1569B-D338-4B54-8945-531741591DAE}.Debug|Any CPU.ActiveCfg = Debug|Any CPU
		{57C1569B-D338-4B54-8945-531741591DAE}.Debug|Any CPU.Build.0 = Debug|Any CPU
		{57C1569B-D338-4B54-8945-531741591DAE}.Release|Any CPU.ActiveCfg = Release|Any CPU
		{57C1569B-D338-4B54-8945-531741591DAE}.Release|Any CPU.Build.0 = Release|Any CPU
		{5B7B28B3-1D96-4CFE-85C4-2187786158A5}.Debug|Any CPU.ActiveCfg = Debug|Any CPU
		{5B7B28B3-1D96-4CFE-85C4-2187786158A5}.Debug|Any CPU.Build.0 = Debug|Any CPU
		{5B7B28B3-1D96-4CFE-85C4-2187786158A5}.Release|Any CPU.ActiveCfg = Release|Any CPU
		{5B7B28B3-1D96-4CFE-85C4-2187786158A5}.Release|Any CPU.Build.0 = Release|Any CPU
		{36FB4176-CA5D-4914-AF78-477EF0A02627}.Debug|Any CPU.ActiveCfg = Debug|Any CPU
		{36FB4176-CA5D-4914-AF78-477EF0A02627}.Debug|Any CPU.Build.0 = Debug|Any CPU
		{36FB4176-CA5D-4914-AF78-477EF0A02627}.Release|Any CPU.ActiveCfg = Release|Any CPU
		{36FB4176-CA5D-4914-AF78-477EF0A02627}.Release|Any CPU.Build.0 = Release|Any CPU
	EndGlobalSection
	GlobalSection(SolutionProperties) = preSolution
		HideSolutionNode = FALSE
	EndGlobalSection
	GlobalSection(ExtensibilityGlobals) = postSolution
		SolutionGuid = {48D4EB73-9574-44C4-8231-5B6B0088E1A9}
	EndGlobalSection
EndGlobal
